// !$*UTF8*$!
{
	archiveVersion = 1;
	classes = {
	};
	objectVersion = 50;
	objects = {

/* Begin PBXBuildFile section */
		CEF6EBA2235E3CD30002737F /* main.swift in Sources */ = {isa = PBXBuildFile; fileRef = CEF6EBA1235E3CD30002737F /* main.swift */; };
		CEF6EBA9235E3D7A0002737F /* TriviaData.swift in Sources */ = {isa = PBXBuildFile; fileRef = CEF6EBA8235E3D7A0002737F /* TriviaData.swift */; };
		CEF6EBAB235E3F4C0002737F /* Question.swift in Sources */ = {isa = PBXBuildFile; fileRef = CEF6EBAA235E3F4C0002737F /* Question.swift */; };
		CEF6EBAD235E43600002737F /* TriviaType.swift in Sources */ = {isa = PBXBuildFile; fileRef = CEF6EBAC235E43600002737F /* TriviaType.swift */; };
		CEF6EBAF235E497F0002737F /* Game.swift in Sources */ = {isa = PBXBuildFile; fileRef = CEF6EBAE235E497F0002737F /* Game.swift */; };
/* End PBXBuildFile section */

/* Begin PBXCopyFilesBuildPhase section */
		CEF6EB9C235E3CD30002737F /* CopyFiles */ = {
			isa = PBXCopyFilesBuildPhase;
			buildActionMask = 2147483647;
			dstPath = /usr/share/man/man1/;
			dstSubfolderSpec = 0;
			files = (
			);
			runOnlyForDeploymentPostprocessing = 1;
		};
/* End PBXCopyFilesBuildPhase section */

/* Begin PBXFileReference section */
		CEF6EB9E235E3CD30002737F /* triviaGame */ = {isa = PBXFileReference; explicitFileType = "compiled.mach-o.executable"; includeInIndex = 0; path = triviaGame; sourceTree = BUILT_PRODUCTS_DIR; };
		CEF6EBA1235E3CD30002737F /* main.swift */ = {isa = PBXFileReference; lastKnownFileType = sourcecode.swift; path = main.swift; sourceTree = "<group>"; };
		CEF6EBA8235E3D7A0002737F /* TriviaData.swift */ = {isa = PBXFileReference; lastKnownFileType = sourcecode.swift; path = TriviaData.swift; sourceTree = "<group>"; };
		CEF6EBAA235E3F4C0002737F /* Question.swift */ = {isa = PBXFileReference; lastKnownFileType = sourcecode.swift; path = Question.swift; sourceTree = "<group>"; };
		CEF6EBAC235E43600002737F /* TriviaType.swift */ = {isa = PBXFileReference; lastKnownFileType = sourcecode.swift; path = TriviaType.swift; sourceTree = "<group>"; };
		CEF6EBAE235E497F0002737F /* Game.swift */ = {isa = PBXFileReference; lastKnownFileType = sourcecode.swift; path = Game.swift; sourceTree = "<group>"; };
/* End PBXFileReference section */

/* Begin PBXFrameworksBuildPhase section */
		CEF6EB9B235E3CD30002737F /* Frameworks */ = {
			isa = PBXFrameworksBuildPhase;
			buildActionMask = 2147483647;
			files = (
			);
			runOnlyForDeploymentPostprocessing = 0;
		};
/* End PBXFrameworksBuildPhase section */

/* Begin PBXGroup section */
		CEF6EB95235E3CD30002737F = {
			isa = PBXGroup;
			children = (
				CEF6EBA0235E3CD30002737F /* triviaGame */,
				CEF6EB9F235E3CD30002737F /* Products */,
			);
			sourceTree = "<group>";
		};
		CEF6EB9F235E3CD30002737F /* Products */ = {
			isa = PBXGroup;
			children = (
				CEF6EB9E235E3CD30002737F /* triviaGame */,
			);
			name = Products;
			sourceTree = "<group>";
		};
		CEF6EBA0235E3CD30002737F /* triviaGame */ = {
			isa = PBXGroup;
			children = (
				CEF6EBA8235E3D7A0002737F /* TriviaData.swift */,
				CEF6EBAC235E43600002737F /* TriviaType.swift */,
				CEF6EBAE235E497F0002737F /* Game.swift */,
				CEF6EBAA235E3F4C0002737F /* Question.swift */,
				CEF6EBA1235E3CD30002737F /* main.swift */,
			);
			path = triviaGame;
			sourceTree = "<group>";
		};
/* End PBXGroup section */

/* Begin PBXNativeTarget section */
		CEF6EB9D235E3CD30002737F /* triviaGame */ = {
			isa = PBXNativeTarget;
			buildConfigurationList = CEF6EBA5235E3CD30002737F /* Build configuration list for PBXNativeTarget "triviaGame" */;
			buildPhases = (
				CEF6EB9A235E3CD30002737F /* Sources */,
				CEF6EB9B235E3CD30002737F /* Frameworks */,
				CEF6EB9C235E3CD30002737F /* CopyFiles */,
			);
			buildRules = (
			);
			dependencies = (
			);
			name = triviaGame;
			productName = triviaGame;
			productReference = CEF6EB9E235E3CD30002737F /* triviaGame */;
			productType = "com.apple.product-type.tool";
		};
/* End PBXNativeTarget section */

/* Begin PBXProject section */
		CEF6EB96235E3CD30002737F /* Project object */ = {
			isa = PBXProject;
			attributes = {
				LastSwiftUpdateCheck = 1100;
				LastUpgradeCheck = 1100;
				ORGANIZATIONNAME = "Stephanie N. Ramos";
				TargetAttributes = {
					CEF6EB9D235E3CD30002737F = {
						CreatedOnToolsVersion = 11.0;
					};
				};
			};
			buildConfigurationList = CEF6EB99235E3CD30002737F /* Build configuration list for PBXProject "triviaGame" */;
			compatibilityVersion = "Xcode 9.3";
			developmentRegion = en;
			hasScannedForEncodings = 0;
			knownRegions = (
				en,
				Base,
			);
			mainGroup = CEF6EB95235E3CD30002737F;
			productRefGroup = CEF6EB9F235E3CD30002737F /* Products */;
			projectDirPath = "";
			projectRoot = "";
			targets = (
				CEF6EB9D235E3CD30002737F /* triviaGame */,
			);
		};
/* End PBXProject section */

/* Begin PBXSourcesBuildPhase section */
		CEF6EB9A235E3CD30002737F /* Sources */ = {
			isa = PBXSourcesBuildPhase;
			buildActionMask = 2147483647;
			files = (
				CEF6EBAD235E43600002737F /* TriviaType.swift in Sources */,
				CEF6EBAF235E497F0002737F /* Game.swift in Sources */,
				CEF6EBAB235E3F4C0002737F /* Question.swift in Sources */,
				CEF6EBA9235E3D7A0002737F /* TriviaData.swift in Sources */,
				CEF6EBA2235E3CD30002737F /* main.swift in Sources */,
			);
			runOnlyForDeploymentPostprocessing = 0;
		};
/* End PBXSourcesBuildPhase section */

/* Begin XCBuildConfiguration section */
		CEF6EBA3235E3CD30002737F /* Debug */ = {
			isa = XCBuildConfiguration;
			buildSettings = {
				ALWAYS_SEARCH_USER_PATHS = NO;
				CLANG_ANALYZER_NONNULL = YES;
				CLANG_ANALYZER_NUMBER_OBJECT_CONVERSION = YES_AGGRESSIVE;
				CLANG_CXX_LANGUAGE_STANDARD = "gnu++14";
				CLANG_CXX_LIBRARY = "libc++";
				CLANG_ENABLE_MODULES = YES;
				CLANG_ENABLE_OBJC_ARC = YES;
				CLANG_ENABLE_OBJC_WEAK = YES;
				CLANG_WARN_BLOCK_CAPTURE_AUTORELEASING = YES;
				CLANG_WARN_BOOL_CONVERSION = YES;
				CLANG_WARN_COMMA = YES;
				CLANG_WARN_CONSTANT_CONVERSION = YES;
				CLANG_WARN_DEPRECATED_OBJC_IMPLEMENTATIONS = YES;
				CLANG_WARN_DIRECT_OBJC_ISA_USAGE = YES_ERROR;
				CLANG_WARN_DOCUMENTATION_COMMENTS = YES;
				CLANG_WARN_EMPTY_BODY = YES;
				CLANG_WARN_ENUM_CONVERSION = YES;
				CLANG_WARN_INFINITE_RECURSION = YES;
				CLANG_WARN_INT_CONVERSION = YES;
				CLANG_WARN_NON_LITERAL_NULL_CONVERSION = YES;
				CLANG_WARN_OBJC_IMPLICIT_RETAIN_SELF = YES;
				CLANG_WARN_OBJC_LITERAL_CONVERSION = YES;
				CLANG_WARN_OBJC_ROOT_CLASS = YES_ERROR;
				CLANG_WARN_RANGE_LOOP_ANALYSIS = YES;
				CLANG_WARN_STRICT_PROTOTYPES = YES;
				CLANG_WARN_SUSPICIOUS_MOVE = YES;
				CLANG_WARN_UNGUARDED_AVAILABILITY = YES_AGGRESSIVE;
				CLANG_WARN_UNREACHABLE_CODE = YES;
				CLANG_WARN__DUPLICATE_METHOD_MATCH = YES;
				COPY_PHASE_STRIP = NO;
				DEBUG_INFORMATION_FORMAT = dwarf;
				ENABLE_STRICT_OBJC_MSGSEND = YES;
				ENABLE_TESTABILITY = YES;
				GCC_C_LANGUAGE_STANDARD = gnu11;
				GCC_DYNAMIC_NO_PIC = NO;
				GCC_NO_COMMON_BLOCKS = YES;
				GCC_OPTIMIZATION_LEVEL = 0;
				GCC_PREPROCESSOR_DEFINITIONS = (
					"DEBUG=1",
					"$(inherited)",
				);
				GCC_WARN_64_TO_32_BIT_CONVERSION = YES;
				GCC_WARN_ABOUT_RETURN_TYPE = YES_ERROR;
				GCC_WARN_UNDECLARED_SELECTOR = YES;
				GCC_WARN_UNINITIALIZED_AUTOS = YES_AGGRESSIVE;
				GCC_WARN_UNUSED_FUNCTION = YES;
				GCC_WARN_UNUSED_VARIABLE = YES;
				MACOSX_DEPLOYMENT_TARGET = 10.14;
				MTL_ENABLE_DEBUG_INFO = INCLUDE_SOURCE;
				MTL_FAST_MATH = YES;
				ONLY_ACTIVE_ARCH = YES;
				SDKROOT = macosx;
				SWIFT_ACTIVE_COMPILATION_CONDITIONS = DEBUG;
				SWIFT_OPTIMIZATION_LEVEL = "-Onone";
			};
			name = Debug;
		};
		CEF6EBA4235E3CD30002737F /* Release */ = {
			isa = XCBuildConfiguration;
			buildSettings = {
				ALWAYS_SEARCH_USER_PATHS = NO;
				CLANG_ANALYZER_NONNULL = YES;
				CLANG_ANALYZER_NUMBER_OBJECT_CONVERSION = YES_AGGRESSIVE;
				CLANG_CXX_LANGUAGE_STANDARD = "gnu++14";
				CLANG_CXX_LIBRARY = "libc++";
				CLANG_ENABLE_MODULES = YES;
				CLANG_ENABLE_OBJC_ARC = YES;
				CLANG_ENABLE_OBJC_WEAK = YES;
				CLANG_WARN_BLOCK_CAPTURE_AUTORELEASING = YES;
				CLANG_WARN_BOOL_CONVERSION = YES;
				CLANG_WARN_COMMA = YES;
				CLANG_WARN_CONSTANT_CONVERSION = YES;
				CLANG_WARN_DEPRECATED_OBJC_IMPLEMENTATIONS = YES;
				CLANG_WARN_DIRECT_OBJC_ISA_USAGE = YES_ERROR;
				CLANG_WARN_DOCUMENTATION_COMMENTS = YES;
				CLANG_WARN_EMPTY_BODY = YES;
				CLANG_WARN_ENUM_CONVERSION = YES;
				CLANG_WARN_INFINITE_RECURSION = YES;
				CLANG_WARN_INT_CONVERSION = YES;
				CLANG_WARN_NON_LITERAL_NULL_CONVERSION = YES;
				CLANG_WARN_OBJC_IMPLICIT_RETAIN_SELF = YES;
				CLANG_WARN_OBJC_LITERAL_CONVERSION = YES;
				CLANG_WARN_OBJC_ROOT_CLASS = YES_ERROR;
				CLANG_WARN_RANGE_LOOP_ANALYSIS = YES;
				CLANG_WARN_STRICT_PROTOTYPES = YES;
				CLANG_WARN_SUSPICIOUS_MOVE = YES;
				CLANG_WARN_UNGUARDED_AVAILABILITY = YES_AGGRESSIVE;
				CLANG_WARN_UNREACHABLE_CODE = YES;
				CLANG_WARN__DUPLICATE_METHOD_MATCH = YES;
				COPY_PHASE_STRIP = NO;
				DEBUG_INFORMATION_FORMAT = "dwarf-with-dsym";
				ENABLE_NS_ASSERTIONS = NO;
				ENABLE_STRICT_OBJC_MSGSEND = YES;
				GCC_C_LANGUAGE_STANDARD = gnu11;
				GCC_NO_COMMON_BLOCKS = YES;
				GCC_WARN_64_TO_32_BIT_CONVERSION = YES;
				GCC_WARN_ABOUT_RETURN_TYPE = YES_ERROR;
				GCC_WARN_UNDECLARED_SELECTOR = YES;
				GCC_WARN_UNINITIALIZED_AUTOS = YES_AGGRESSIVE;
				GCC_WARN_UNUSED_FUNCTION = YES;
				GCC_WARN_UNUSED_VARIABLE = YES;
				MACOSX_DEPLOYMENT_TARGET = 10.14;
				MTL_ENABLE_DEBUG_INFO = NO;
				MTL_FAST_MATH = YES;
				SDKROOT = macosx;
				SWIFT_COMPILATION_MODE = wholemodule;
				SWIFT_OPTIMIZATION_LEVEL = "-O";
			};
			name = Release;
		};
		CEF6EBA6235E3CD30002737F /* Debug */ = {
			isa = XCBuildConfiguration;
			buildSettings = {
				CODE_SIGN_STYLE = Automatic;
				DEVELOPMENT_TEAM = 98C3V46GLR;
				ENABLE_HARDENED_RUNTIME = YES;
				PRODUCT_NAME = "$(TARGET_NAME)";
				SWIFT_VERSION = 5.0;
			};
			name = Debug;
		};
		CEF6EBA7235E3CD30002737F /* Release */ = {
			isa = XCBuildConfiguration;
			buildSettings = {
				CODE_SIGN_STYLE = Automatic;
				DEVELOPMENT_TEAM = 98C3V46GLR;
				ENABLE_HARDENED_RUNTIME = YES;
				PRODUCT_NAME = "$(TARGET_NAME)";
				SWIFT_VERSION = 5.0;
			};
			name = Release;
		};
/* End XCBuildConfiguration section */

/* Begin XCConfigurationList section */
		CEF6EB99235E3CD30002737F /* Build configuration list for PBXProject "triviaGame" */ = {
			isa = XCConfigurationList;
			buildConfigurations = (
				CEF6EBA3235E3CD30002737F /* Debug */,
				CEF6EBA4235E3CD30002737F /* Release */,
			);
			defaultConfigurationIsVisible = 0;
			defaultConfigurationName = Release;
		};
		CEF6EBA5235E3CD30002737F /* Build configuration list for PBXNativeTarget "triviaGame" */ = {
			isa = XCConfigurationList;
			buildConfigurations = (
				CEF6EBA6235E3CD30002737F /* Debug */,
				CEF6EBA7235E3CD30002737F /* Release */,
			);
			defaultConfigurationIsVisible = 0;
			defaultConfigurationName = Release;
		};
/* End XCConfigurationList section */
	};
	rootObject = CEF6EB96235E3CD30002737F /* Project object */;
}
